Microsoft Visual Studio Solution File, Format Version 12.00
# Visual Studio Version 17
VisualStudioVersion = 17.5.2.0
MinimumVisualStudioVersion = 10.0.40219.1
Project("{FAE04EC0-301F-11D3-BF4B-00C04F79EFBC}") = "Pension65Api", "Pension65Api.csproj", "{5210ECDB-EEFA-A43F-159D-382FBF7FD828}"
EndProject
Global
	GlobalSection(SolutionConfigurationPlatforms) = preSolution
		Debug|Any CPU = Debug|Any CPU
		Release|Any CPU = Release|Any CPU
	EndGlobalSection
	GlobalSection(ProjectConfigurationPlatforms) = postSolution
		{5210ECDB-EEFA-A43F-159D-382FBF7FD828}.Debug|Any CPU.ActiveCfg = Debug|Any CPU
		{5210ECDB-EEFA-A43F-159D-382FBF7FD828}.Debug|Any CPU.Build.0 = Debug|Any CPU
		{5210ECDB-EEFA-A43F-159D-382FBF7FD828}.Release|Any CPU.ActiveCfg = Release|Any CPU
		{5210ECDB-EEFA-A43F-159D-382FBF7FD828}.Release|Any CPU.Build.0 = Release|Any CPU
	EndGlobalSection
	GlobalSection(SolutionProperties) = preSolution
		HideSolutionNode = FALSE
	EndGlobalSection
	GlobalSection(ExtensibilityGlobals) = postSolution
		SolutionGuid = {B4CF79BE-9760-41BF-A36A-24A98623BE0A}
	EndGlobalSection
EndGlobal
